Microsoft Visual Studio Solution File, Format Version 12.00
# Visual Studio Version 17
VisualStudioVersion = 17.5.2.0
MinimumVisualStudioVersion = 10.0.40219.1
Project("{2150E333-8FDC-42A3-9474-1A3956D46DE8}") = "src", "src", "{827E0CD3-B72D-47B6-A68D-7590B98EB39B}"
EndProject
Project("{FAE04EC0-301F-11D3-BF4B-00C04F79EFBC}") = "Gateway", "src\Gateway\Gateway.csproj", "{318D2742-157B-1B92-9F01-01C7F80B2F48}"
EndProject
Project("{2150E333-8FDC-42A3-9474-1A3956D46DE8}") = "Services", "Services", "{984BB9B3-3FA3-BE33-9484-CAC21695A33C}"
EndProject
Project("{FAE04EC0-301F-11D3-BF4B-00C04F79EFBC}") = "AuthService", "src\Services\AuthService\AuthService.csproj", "{4B8C34B8-9B22-1F3C-6A11-DAE5939D9ADF}"
EndProject
Project("{FAE04EC0-301F-11D3-BF4B-00C04F79EFBC}") = "DeliveryService", "src\Services\DeliveryService\DeliveryService.csproj", "{771469B7-9BC9-856B-2078-A834C485C639}"
EndProject
Project("{FAE04EC0-301F-11D3-BF4B-00C04F79EFBC}") = "NotificationService", "src\Services\NotificationService\NotificationService.csproj", "{5A1106C9-373E-FFAD-6460-144317825819}"
EndProject
Project("{FAE04EC0-301F-11D3-BF4B-00C04F79EFBC}") = "OrderService", "src\Services\OrderService\OrderService.csproj", "{0844719D-FB1E-1893-4CEF-433B318EFA3A}"
EndProject
Project("{FAE04EC0-301F-11D3-BF4B-00C04F79EFBC}") = "ProductionQueueService", "src\Services\ProductionQueueService\ProductionQueueService.csproj", "{8E85C87C-CBD1-2A59-AB49-E43BA3619A13}"
EndProject
Project("{FAE04EC0-301F-11D3-BF4B-00C04F79EFBC}") = "ProductService", "src\Services\ProductService\ProductService.csproj", "{0DF7667A-6367-F50A-1074-CE518CF852C9}"
EndProject
Project("{FAE04EC0-301F-11D3-BF4B-00C04F79EFBC}") = "WhatsAppService", "src\Services\WhatsAppService\WhatsAppService.csproj", "{9E020253-CAFE-1F53-F6A0-FA97EA624404}"
EndProject
Project("{2150E333-8FDC-42A3-9474-1A3956D46DE8}") = "Shared", "Shared", "{C8E42992-5E42-0C2B-DBFE-AA848D06431C}"
EndProject
Project("{FAE04EC0-301F-11D3-BF4B-00C04F79EFBC}") = "Lach.Shared.Common", "src\Shared\Lach.Shared.Common\Lach.Shared.Common.csproj", "{8E5025B1-BD85-682B-6CC1-EB4A513C4673}"
EndProject
Project("{FAE04EC0-301F-11D3-BF4B-00C04F79EFBC}") = "Lach.Shared.Messaging", "src\Shared\Lach.Shared.Messaging\Lach.Shared.Messaging.csproj", "{DB0A7911-D8BD-4A47-D151-C12E5994D8EB}"
EndProject
Project("{FAE04EC0-301F-11D3-BF4B-00C04F79EFBC}") = "Lach.Shared.Monitoring", "src\Shared\Lach.Shared.Monitoring\Lach.Shared.Monitoring.csproj", "{196B3D1C-B555-D12C-FC99-4358FF49146D}"
EndProject
Project("{2150E333-8FDC-42A3-9474-1A3956D46DE8}") = "Tests", "Tests", "{CEA09484-30F6-4D44-02F6-822E06DBC57C}"
EndProject
Project("{FAE04EC0-301F-11D3-BF4B-00C04F79EFBC}") = "AuthService.Tests", "src\Tests\AuthService.Tests\AuthService.Tests.csproj", "{64ABDBFF-81BF-429F-0A8E-C3214183A118}"
EndProject
Project("{FAE04EC0-301F-11D3-BF4B-00C04F79EFBC}") = "OrderService.Tests", "src\Tests\OrderService.Tests\OrderService.Tests.csproj", "{C2E20298-7703-13D4-4720-5CC6870FC743}"
EndProject
Project("{FAE04EC0-301F-11D3-BF4B-00C04F79EFBC}") = "ProductionQueueService.Tests", "src\Tests\ProductionQueueService.Tests\ProductionQueueService.Tests.csproj", "{7772A19C-9836-CFD6-F715-CC698D82D964}"
EndProject
Project("{FAE04EC0-301F-11D3-BF4B-00C04F79EFBC}") = "ProductService.Tests", "tests\ProductService.Tests\ProductService.Tests.csproj", "{A1B2C3D4-E5F6-7890-ABCD-EF1234567890}"
EndProject
Project("{FAE04EC0-301F-11D3-BF4B-00C04F79EFBC}") = "OrderService.Tests.New", "tests\OrderService.Tests\OrderService.Tests.csproj", "{B2C3D4E5-F6G7-8901-BCDE-F23456789012}"
EndProject
Project("{FAE04EC0-301F-11D3-BF4B-00C04F79EFBC}") = "AuthService.Tests.New", "tests\AuthService.Tests\AuthService.Tests.csproj", "{C3D4E5F6-G7H8-9012-CDEF-345678901234}"
EndProject
Global
	GlobalSection(SolutionConfigurationPlatforms) = preSolution
		Debug|Any CPU = Debug|Any CPU
		Release|Any CPU = Release|Any CPU
	EndGlobalSection
	GlobalSection(ProjectConfigurationPlatforms) = postSolution
		{318D2742-157B-1B92-9F01-01C7F80B2F48}.Debug|Any CPU.ActiveCfg = Debug|Any CPU
		{318D2742-157B-1B92-9F01-01C7F80B2F48}.Debug|Any CPU.Build.0 = Debug|Any CPU
		{318D2742-157B-1B92-9F01-01C7F80B2F48}.Release|Any CPU.ActiveCfg = Release|Any CPU
		{318D2742-157B-1B92-9F01-01C7F80B2F48}.Release|Any CPU.Build.0 = Release|Any CPU
		{4B8C34B8-9B22-1F3C-6A11-DAE5939D9ADF}.Debug|Any CPU.ActiveCfg = Debug|Any CPU
		{4B8C34B8-9B22-1F3C-6A11-DAE5939D9ADF}.Debug|Any CPU.Build.0 = Debug|Any CPU
		{4B8C34B8-9B22-1F3C-6A11-DAE5939D9ADF}.Release|Any CPU.ActiveCfg = Release|Any CPU
		{4B8C34B8-9B22-1F3C-6A11-DAE5939D9ADF}.Release|Any CPU.Build.0 = Release|Any CPU
		{771469B7-9BC9-856B-2078-A834C485C639}.Debug|Any CPU.ActiveCfg = Debug|Any CPU
		{771469B7-9BC9-856B-2078-A834C485C639}.Debug|Any CPU.Build.0 = Debug|Any CPU
		{771469B7-9BC9-856B-2078-A834C485C639}.Release|Any CPU.ActiveCfg = Release|Any CPU
		{771469B7-9BC9-856B-2078-A834C485C639}.Release|Any CPU.Build.0 = Release|Any CPU
		{5A1106C9-373E-FFAD-6460-144317825819}.Debug|Any CPU.ActiveCfg = Debug|Any CPU
		{5A1106C9-373E-FFAD-6460-144317825819}.Debug|Any CPU.Build.0 = Debug|Any CPU
		{5A1106C9-373E-FFAD-6460-144317825819}.Release|Any CPU.ActiveCfg = Release|Any CPU
		{5A1106C9-373E-FFAD-6460-144317825819}.Release|Any CPU.Build.0 = Release|Any CPU
		{0844719D-FB1E-1893-4CEF-433B318EFA3A}.Debug|Any CPU.ActiveCfg = Debug|Any CPU
		{0844719D-FB1E-1893-4CEF-433B318EFA3A}.Debug|Any CPU.Build.0 = Debug|Any CPU
		{0844719D-FB1E-1893-4CEF-433B318EFA3A}.Release|Any CPU.ActiveCfg = Release|Any CPU
		{0844719D-FB1E-1893-4CEF-433B318EFA3A}.Release|Any CPU.Build.0 = Release|Any CPU
		{8E85C87C-CBD1-2A59-AB49-E43BA3619A13}.Debug|Any CPU.ActiveCfg = Debug|Any CPU
		{8E85C87C-CBD1-2A59-AB49-E43BA3619A13}.Debug|Any CPU.Build.0 = Debug|Any CPU
		{8E85C87C-CBD1-2A59-AB49-E43BA3619A13}.Release|Any CPU.ActiveCfg = Release|Any CPU
		{8E85C87C-CBD1-2A59-AB49-E43BA3619A13}.Release|Any CPU.Build.0 = Release|Any CPU
		{0DF7667A-6367-F50A-1074-CE518CF852C9}.Debug|Any CPU.ActiveCfg = Debug|Any CPU
		{0DF7667A-6367-F50A-1074-CE518CF852C9}.Debug|Any CPU.Build.0 = Debug|Any CPU
		{0DF7667A-6367-F50A-1074-CE518CF852C9}.Release|Any CPU.ActiveCfg = Release|Any CPU
		{0DF7667A-6367-F50A-1074-CE518CF852C9}.Release|Any CPU.Build.0 = Release|Any CPU
		{9E020253-CAFE-1F53-F6A0-FA97EA624404}.Debug|Any CPU.ActiveCfg = Debug|Any CPU
		{9E020253-CAFE-1F53-F6A0-FA97EA624404}.Debug|Any CPU.Build.0 = Debug|Any CPU
		{9E020253-CAFE-1F53-F6A0-FA97EA624404}.Release|Any CPU.ActiveCfg = Release|Any CPU
		{9E020253-CAFE-1F53-F6A0-FA97EA624404}.Release|Any CPU.Build.0 = Release|Any CPU
		{8E5025B1-BD85-682B-6CC1-EB4A513C4673}.Debug|Any CPU.ActiveCfg = Debug|Any CPU
		{8E5025B1-BD85-682B-6CC1-EB4A513C4673}.Debug|Any CPU.Build.0 = Debug|Any CPU
		{8E5025B1-BD85-682B-6CC1-EB4A513C4673}.Release|Any CPU.ActiveCfg = Release|Any CPU
		{8E5025B1-BD85-682B-6CC1-EB4A513C4673}.Release|Any CPU.Build.0 = Release|Any CPU
		{DB0A7911-D8BD-4A47-D151-C12E5994D8EB}.Debug|Any CPU.ActiveCfg = Debug|Any CPU
		{DB0A7911-D8BD-4A47-D151-C12E5994D8EB}.Debug|Any CPU.Build.0 = Debug|Any CPU
		{DB0A7911-D8BD-4A47-D151-C12E5994D8EB}.Release|Any CPU.ActiveCfg = Release|Any CPU
		{DB0A7911-D8BD-4A47-D151-C12E5994D8EB}.Release|Any CPU.Build.0 = Release|Any CPU
		{196B3D1C-B555-D12C-FC99-4358FF49146D}.Debug|Any CPU.ActiveCfg = Debug|Any CPU
		{196B3D1C-B555-D12C-FC99-4358FF49146D}.Debug|Any CPU.Build.0 = Debug|Any CPU
		{196B3D1C-B555-D12C-FC99-4358FF49146D}.Release|Any CPU.ActiveCfg = Release|Any CPU
		{196B3D1C-B555-D12C-FC99-4358FF49146D}.Release|Any CPU.Build.0 = Release|Any CPU
		{64ABDBFF-81BF-429F-0A8E-C3214183A118}.Debug|Any CPU.ActiveCfg = Debug|Any CPU
		{64ABDBFF-81BF-429F-0A8E-C3214183A118}.Debug|Any CPU.Build.0 = Debug|Any CPU
		{64ABDBFF-81BF-429F-0A8E-C3214183A118}.Release|Any CPU.ActiveCfg = Release|Any CPU
		{64ABDBFF-81BF-429F-0A8E-C3214183A118}.Release|Any CPU.Build.0 = Release|Any CPU
		{C2E20298-7703-13D4-4720-5CC6870FC743}.Debug|Any CPU.ActiveCfg = Debug|Any CPU
		{C2E20298-7703-13D4-4720-5CC6870FC743}.Debug|Any CPU.Build.0 = Debug|Any CPU
		{C2E20298-7703-13D4-4720-5CC6870FC743}.Release|Any CPU.ActiveCfg = Release|Any CPU
		{C2E20298-7703-13D4-4720-5CC6870FC743}.Release|Any CPU.Build.0 = Release|Any CPU
		{7772A19C-9836-CFD6-F715-CC698D82D964}.Debug|Any CPU.ActiveCfg = Debug|Any CPU
		{7772A19C-9836-CFD6-F715-CC698D82D964}.Debug|Any CPU.Build.0 = Debug|Any CPU
		{7772A19C-9836-CFD6-F715-CC698D82D964}.Release|Any CPU.ActiveCfg = Release|Any CPU
		{7772A19C-9836-CFD6-F715-CC698D82D964}.Release|Any CPU.Build.0 = Release|Any CPU
	EndGlobalSection
	GlobalSection(SolutionProperties) = preSolution
		HideSolutionNode = FALSE
	EndGlobalSection
	GlobalSection(NestedProjects) = preSolution
		{318D2742-157B-1B92-9F01-01C7F80B2F48} = {827E0CD3-B72D-47B6-A68D-7590B98EB39B}
		{984BB9B3-3FA3-BE33-9484-CAC21695A33C} = {827E0CD3-B72D-47B6-A68D-7590B98EB39B}
		{4B8C34B8-9B22-1F3C-6A11-DAE5939D9ADF} = {984BB9B3-3FA3-BE33-9484-CAC21695A33C}
		{771469B7-9BC9-856B-2078-A834C485C639} = {984BB9B3-3FA3-BE33-9484-CAC21695A33C}
		{5A1106C9-373E-FFAD-6460-144317825819} = {984BB9B3-3FA3-BE33-9484-CAC21695A33C}
		{0844719D-FB1E-1893-4CEF-433B318EFA3A} = {984BB9B3-3FA3-BE33-9484-CAC21695A33C}
		{8E85C87C-CBD1-2A59-AB49-E43BA3619A13} = {984BB9B3-3FA3-BE33-9484-CAC21695A33C}
		{0DF7667A-6367-F50A-1074-CE518CF852C9} = {984BB9B3-3FA3-BE33-9484-CAC21695A33C}
		{9E020253-CAFE-1F53-F6A0-FA97EA624404} = {984BB9B3-3FA3-BE33-9484-CAC21695A33C}
		{C8E42992-5E42-0C2B-DBFE-AA848D06431C} = {827E0CD3-B72D-47B6-A68D-7590B98EB39B}
		{8E5025B1-BD85-682B-6CC1-EB4A513C4673} = {C8E42992-5E42-0C2B-DBFE-AA848D06431C}
		{DB0A7911-D8BD-4A47-D151-C12E5994D8EB} = {C8E42992-5E42-0C2B-DBFE-AA848D06431C}
		{196B3D1C-B555-D12C-FC99-4358FF49146D} = {C8E42992-5E42-0C2B-DBFE-AA848D06431C}
		{CEA09484-30F6-4D44-02F6-822E06DBC57C} = {827E0CD3-B72D-47B6-A68D-7590B98EB39B}
		{64ABDBFF-81BF-429F-0A8E-C3214183A118} = {CEA09484-30F6-4D44-02F6-822E06DBC57C}
		{C2E20298-7703-13D4-4720-5CC6870FC743} = {CEA09484-30F6-4D44-02F6-822E06DBC57C}
		{7772A19C-9836-CFD6-F715-CC698D82D964} = {CEA09484-30F6-4D44-02F6-822E06DBC57C}
	EndGlobalSection
	GlobalSection(ExtensibilityGlobals) = postSolution
		SolutionGuid = {50827BD0-A2BA-493B-9CED-197A5B929739}
	EndGlobalSection
EndGlobal
